// !$*UTF8*$!
{
	archiveVersion = 1;
	classes = {
	};
	objectVersion = 50;
	objects = {

/* Begin PBXBuildFile section */
		0C09C6B121A9F197009572C8 /* Reactive.swift in Sources */ = {isa = PBXBuildFile; fileRef = 0C09C6B021A9F197009572C8 /* Reactive.swift */; };
		0C5FFE6121A7B69800C87F0A /* Output.swift in Sources */ = {isa = PBXBuildFile; fileRef = 0C5FFE6021A7B69800C87F0A /* Output.swift */; };
		0C8AAD5D21A7451A00401DAB /* FileParser.swift in Sources */ = {isa = PBXBuildFile; fileRef = 0C8AAD5C21A7451A00401DAB /* FileParser.swift */; };
		0C8AAD5F21A74D7600401DAB /* OutputType.swift in Sources */ = {isa = PBXBuildFile; fileRef = 0C8AAD5E21A74D7600401DAB /* OutputType.swift */; };
		0CA6F83D21A7CD9200FC50B8 /* Carrier.swift in Sources */ = {isa = PBXBuildFile; fileRef = 0CA6F83C21A7CD9200FC50B8 /* Carrier.swift */; };
		0CA6F83F21A873A600FC50B8 /* Factory.swift in Sources */ = {isa = PBXBuildFile; fileRef = 0CA6F83E21A873A600FC50B8 /* Factory.swift */; };
		490033E36B2BD34277062B64 /* Pods_CS635Assignment4.framework in Frameworks */ = {isa = PBXBuildFile; fileRef = D760A2C74FB164664352C4DD /* Pods_CS635Assignment4.framework */; };
		6CE946C47CA740489D509968 /* Pods_CS635Assignment4Tests.framework in Frameworks */ = {isa = PBXBuildFile; fileRef = C73A33D59708838C573BB0BF /* Pods_CS635Assignment4Tests.framework */; };
		F94E66E021A3B8A500CA850A /* AppDelegate.swift in Sources */ = {isa = PBXBuildFile; fileRef = F94E66DF21A3B8A500CA850A /* AppDelegate.swift */; };
		F94E66E221A3B8A500CA850A /* ViewController.swift in Sources */ = {isa = PBXBuildFile; fileRef = F94E66E121A3B8A500CA850A /* ViewController.swift */; };
		F94E66E521A3B8A500CA850A /* Main.storyboard in Resources */ = {isa = PBXBuildFile; fileRef = F94E66E321A3B8A500CA850A /* Main.storyboard */; };
		F94E66E721A3B8A600CA850A /* Assets.xcassets in Resources */ = {isa = PBXBuildFile; fileRef = F94E66E621A3B8A600CA850A /* Assets.xcassets */; };
		F94E66EA21A3B8A600CA850A /* LaunchScreen.storyboard in Resources */ = {isa = PBXBuildFile; fileRef = F94E66E821A3B8A600CA850A /* LaunchScreen.storyboard */; };
		F94E66F521A3B8A600CA850A /* CS635Assignment4Tests.swift in Sources */ = {isa = PBXBuildFile; fileRef = F94E66F421A3B8A600CA850A /* CS635Assignment4Tests.swift */; };
		F99511F721AB648E00B00E52 /* WebPageSubject.swift in Sources */ = {isa = PBXBuildFile; fileRef = F99511F621AB648E00B00E52 /* WebPageSubject.swift */; };
		F99511FB21AB798200B00E52 /* Context.swift in Sources */ = {isa = PBXBuildFile; fileRef = F99511FA21AB798200B00E52 /* Context.swift */; };
		F995120121AB966800B00E52 /* ConnectionHandler.swift in Sources */ = {isa = PBXBuildFile; fileRef = F995120021AB966800B00E52 /* ConnectionHandler.swift */; };
		F995120321AC6FA200B00E52 /* MockConnectionHandler.swift in Sources */ = {isa = PBXBuildFile; fileRef = F995120221AC6FA200B00E52 /* MockConnectionHandler.swift */; };
		F995120721AC776A00B00E52 /* ConnectionProtocol.swift in Sources */ = {isa = PBXBuildFile; fileRef = F995120621AC776A00B00E52 /* ConnectionProtocol.swift */; };
		F995120921AC7D2700B00E52 /* DateError.swift in Sources */ = {isa = PBXBuildFile; fileRef = F995120821AC7D2700B00E52 /* DateError.swift */; };
/* End PBXBuildFile section */

/* Begin PBXBuildRule section */
		0C09C6B421AA1698009572C8 /* PBXBuildRule */ = {
			isa = PBXBuildRule;
			compilerSpec = com.apple.compilers.proxy.script;
			fileType = pattern.proxy;
			isEditable = 1;
			outputFiles = (
			);
			script = "# Type a script or drag a script file from your workspace to insert its path.\n";
		};
/* End PBXBuildRule section */

/* Begin PBXContainerItemProxy section */
		F94E66F121A3B8A600CA850A /* PBXContainerItemProxy */ = {
			isa = PBXContainerItemProxy;
			containerPortal = F94E66D421A3B8A500CA850A /* Project object */;
			proxyType = 1;
			remoteGlobalIDString = F94E66DB21A3B8A500CA850A;
			remoteInfo = CS635Assignment4;
		};
/* End PBXContainerItemProxy section */

/* Begin PBXFileReference section */
		0C09C6B021A9F197009572C8 /* Reactive.swift */ = {isa = PBXFileReference; lastKnownFileType = sourcecode.swift; path = Reactive.swift; sourceTree = "<group>"; };
		0C5FFE6021A7B69800C87F0A /* Output.swift */ = {isa = PBXFileReference; lastKnownFileType = sourcecode.swift; path = Output.swift; sourceTree = "<group>"; };
		0C8AAD5C21A7451A00401DAB /* FileParser.swift */ = {isa = PBXFileReference; lastKnownFileType = sourcecode.swift; path = FileParser.swift; sourceTree = "<group>"; };
		0C8AAD5E21A74D7600401DAB /* OutputType.swift */ = {isa = PBXFileReference; lastKnownFileType = sourcecode.swift; path = OutputType.swift; sourceTree = "<group>"; };
		0CA6F83C21A7CD9200FC50B8 /* Carrier.swift */ = {isa = PBXFileReference; lastKnownFileType = sourcecode.swift; path = Carrier.swift; sourceTree = "<group>"; };
		0CA6F83E21A873A600FC50B8 /* Factory.swift */ = {isa = PBXFileReference; lastKnownFileType = sourcecode.swift; path = Factory.swift; sourceTree = "<group>"; };
		54C9A07C2DDE0649B52D1530 /* Pods-CS635Assignment4.debug.xcconfig */ = {isa = PBXFileReference; includeInIndex = 1; lastKnownFileType = text.xcconfig; name = "Pods-CS635Assignment4.debug.xcconfig"; path = "Pods/Target Support Files/Pods-CS635Assignment4/Pods-CS635Assignment4.debug.xcconfig"; sourceTree = "<group>"; };
		A1B0169650C8A0FED4E717CC /* Pods-CS635Assignment4Tests.debug.xcconfig */ = {isa = PBXFileReference; includeInIndex = 1; lastKnownFileType = text.xcconfig; name = "Pods-CS635Assignment4Tests.debug.xcconfig"; path = "Pods/Target Support Files/Pods-CS635Assignment4Tests/Pods-CS635Assignment4Tests.debug.xcconfig"; sourceTree = "<group>"; };
		A59569127D42992235733723 /* Pods-CS635Assignment4.release.xcconfig */ = {isa = PBXFileReference; includeInIndex = 1; lastKnownFileType = text.xcconfig; name = "Pods-CS635Assignment4.release.xcconfig"; path = "Pods/Target Support Files/Pods-CS635Assignment4/Pods-CS635Assignment4.release.xcconfig"; sourceTree = "<group>"; };
		C73A33D59708838C573BB0BF /* Pods_CS635Assignment4Tests.framework */ = {isa = PBXFileReference; explicitFileType = wrapper.framework; includeInIndex = 0; path = Pods_CS635Assignment4Tests.framework; sourceTree = BUILT_PRODUCTS_DIR; };
		C7E0EEFD280D4196C3017ED2 /* Pods-CS635Assignment4Tests.release.xcconfig */ = {isa = PBXFileReference; includeInIndex = 1; lastKnownFileType = text.xcconfig; name = "Pods-CS635Assignment4Tests.release.xcconfig"; path = "Pods/Target Support Files/Pods-CS635Assignment4Tests/Pods-CS635Assignment4Tests.release.xcconfig"; sourceTree = "<group>"; };
		D760A2C74FB164664352C4DD /* Pods_CS635Assignment4.framework */ = {isa = PBXFileReference; explicitFileType = wrapper.framework; includeInIndex = 0; path = Pods_CS635Assignment4.framework; sourceTree = BUILT_PRODUCTS_DIR; };
		F94E66DC21A3B8A500CA850A /* CS635Assignment4.app */ = {isa = PBXFileReference; explicitFileType = wrapper.application; includeInIndex = 0; path = CS635Assignment4.app; sourceTree = BUILT_PRODUCTS_DIR; };
		F94E66DF21A3B8A500CA850A /* AppDelegate.swift */ = {isa = PBXFileReference; lastKnownFileType = sourcecode.swift; path = AppDelegate.swift; sourceTree = "<group>"; };
		F94E66E121A3B8A500CA850A /* ViewController.swift */ = {isa = PBXFileReference; lastKnownFileType = sourcecode.swift; path = ViewController.swift; sourceTree = "<group>"; };
		F94E66E421A3B8A500CA850A /* Base */ = {isa = PBXFileReference; lastKnownFileType = file.storyboard; name = Base; path = Base.lproj/Main.storyboard; sourceTree = "<group>"; };
		F94E66E621A3B8A600CA850A /* Assets.xcassets */ = {isa = PBXFileReference; lastKnownFileType = folder.assetcatalog; path = Assets.xcassets; sourceTree = "<group>"; };
		F94E66E921A3B8A600CA850A /* Base */ = {isa = PBXFileReference; lastKnownFileType = file.storyboard; name = Base; path = Base.lproj/LaunchScreen.storyboard; sourceTree = "<group>"; };
		F94E66EB21A3B8A600CA850A /* Info.plist */ = {isa = PBXFileReference; lastKnownFileType = text.plist.xml; path = Info.plist; sourceTree = "<group>"; };
		F94E66F021A3B8A600CA850A /* CS635Assignment4Tests.xctest */ = {isa = PBXFileReference; explicitFileType = wrapper.cfbundle; includeInIndex = 0; path = CS635Assignment4Tests.xctest; sourceTree = BUILT_PRODUCTS_DIR; };
		F94E66F421A3B8A600CA850A /* CS635Assignment4Tests.swift */ = {isa = PBXFileReference; lastKnownFileType = sourcecode.swift; path = CS635Assignment4Tests.swift; sourceTree = "<group>"; };
		F94E66F621A3B8A600CA850A /* Info.plist */ = {isa = PBXFileReference; lastKnownFileType = text.plist.xml; path = Info.plist; sourceTree = "<group>"; };
		F99511F621AB648E00B00E52 /* WebPageSubject.swift */ = {isa = PBXFileReference; lastKnownFileType = sourcecode.swift; path = WebPageSubject.swift; sourceTree = "<group>"; };
		F99511FA21AB798200B00E52 /* Context.swift */ = {isa = PBXFileReference; lastKnownFileType = sourcecode.swift; path = Context.swift; sourceTree = "<group>"; };
		F995120021AB966800B00E52 /* ConnectionHandler.swift */ = {isa = PBXFileReference; lastKnownFileType = sourcecode.swift; path = ConnectionHandler.swift; sourceTree = "<group>"; };
		F995120221AC6FA200B00E52 /* MockConnectionHandler.swift */ = {isa = PBXFileReference; lastKnownFileType = sourcecode.swift; path = MockConnectionHandler.swift; sourceTree = "<group>"; };
		F995120621AC776A00B00E52 /* ConnectionProtocol.swift */ = {isa = PBXFileReference; lastKnownFileType = sourcecode.swift; path = ConnectionProtocol.swift; sourceTree = "<group>"; };
		F995120821AC7D2700B00E52 /* DateError.swift */ = {isa = PBXFileReference; lastKnownFileType = sourcecode.swift; path = DateError.swift; sourceTree = "<group>"; };
/* End PBXFileReference section */

/* Begin PBXFrameworksBuildPhase section */
		F94E66D921A3B8A500CA850A /* Frameworks */ = {
			isa = PBXFrameworksBuildPhase;
			buildActionMask = 2147483647;
			files = (
				490033E36B2BD34277062B64 /* Pods_CS635Assignment4.framework in Frameworks */,
			);
			runOnlyForDeploymentPostprocessing = 0;
		};
		F94E66ED21A3B8A600CA850A /* Frameworks */ = {
			isa = PBXFrameworksBuildPhase;
			buildActionMask = 2147483647;
			files = (
				6CE946C47CA740489D509968 /* Pods_CS635Assignment4Tests.framework in Frameworks */,
			);
			runOnlyForDeploymentPostprocessing = 0;
		};
/* End PBXFrameworksBuildPhase section */

/* Begin PBXGroup section */
		B2CDD5F0CE289F991497CFE4 /* Frameworks */ = {
			isa = PBXGroup;
			children = (
				D760A2C74FB164664352C4DD /* Pods_CS635Assignment4.framework */,
				C73A33D59708838C573BB0BF /* Pods_CS635Assignment4Tests.framework */,
			);
			name = Frameworks;
			sourceTree = "<group>";
		};
		F9344EFC0DA865570F3CA58D /* Pods */ = {
			isa = PBXGroup;
			children = (
				54C9A07C2DDE0649B52D1530 /* Pods-CS635Assignment4.debug.xcconfig */,
				A59569127D42992235733723 /* Pods-CS635Assignment4.release.xcconfig */,
				A1B0169650C8A0FED4E717CC /* Pods-CS635Assignment4Tests.debug.xcconfig */,
				C7E0EEFD280D4196C3017ED2 /* Pods-CS635Assignment4Tests.release.xcconfig */,
			);
			name = Pods;
			sourceTree = "<group>";
		};
		F94E66D321A3B8A500CA850A = {
			isa = PBXGroup;
			children = (
				F94E66DE21A3B8A500CA850A /* CS635Assignment4 */,
				F94E66F321A3B8A600CA850A /* CS635Assignment4Tests */,
				F94E66DD21A3B8A500CA850A /* Products */,
				F9344EFC0DA865570F3CA58D /* Pods */,
				B2CDD5F0CE289F991497CFE4 /* Frameworks */,
			);
			sourceTree = "<group>";
		};
		F94E66DD21A3B8A500CA850A /* Products */ = {
			isa = PBXGroup;
			children = (
				F94E66DC21A3B8A500CA850A /* CS635Assignment4.app */,
				F94E66F021A3B8A600CA850A /* CS635Assignment4Tests.xctest */,
			);
			name = Products;
			sourceTree = "<group>";
		};
		F94E66DE21A3B8A500CA850A /* CS635Assignment4 */ = {
			isa = PBXGroup;
			children = (
				F94E66DF21A3B8A500CA850A /* AppDelegate.swift */,
				F94E66E121A3B8A500CA850A /* ViewController.swift */,
				F94E66E321A3B8A500CA850A /* Main.storyboard */,
				F94E66E621A3B8A600CA850A /* Assets.xcassets */,
				F94E66E821A3B8A600CA850A /* LaunchScreen.storyboard */,
				F94E66EB21A3B8A600CA850A /* Info.plist */,
				0C8AAD5C21A7451A00401DAB /* FileParser.swift */,
				0C8AAD5E21A74D7600401DAB /* OutputType.swift */,
				0C5FFE6021A7B69800C87F0A /* Output.swift */,
				0CA6F83C21A7CD9200FC50B8 /* Carrier.swift */,
				0CA6F83E21A873A600FC50B8 /* Factory.swift */,
				0C09C6B021A9F197009572C8 /* Reactive.swift */,
				F99511F621AB648E00B00E52 /* WebPageSubject.swift */,
				F99511FA21AB798200B00E52 /* Context.swift */,
				F995120021AB966800B00E52 /* ConnectionHandler.swift */,
				F995120221AC6FA200B00E52 /* MockConnectionHandler.swift */,
				F995120621AC776A00B00E52 /* ConnectionProtocol.swift */,
				F995120821AC7D2700B00E52 /* DateError.swift */,
			);
			path = CS635Assignment4;
			sourceTree = "<group>";
		};
		F94E66F321A3B8A600CA850A /* CS635Assignment4Tests */ = {
			isa = PBXGroup;
			children = (
				F94E66F421A3B8A600CA850A /* CS635Assignment4Tests.swift */,
				F94E66F621A3B8A600CA850A /* Info.plist */,
			);
			path = CS635Assignment4Tests;
			sourceTree = "<group>";
		};
/* End PBXGroup section */

/* Begin PBXNativeTarget section */
		F94E66DB21A3B8A500CA850A /* CS635Assignment4 */ = {
			isa = PBXNativeTarget;
			buildConfigurationList = F94E66F921A3B8A600CA850A /* Build configuration list for PBXNativeTarget "CS635Assignment4" */;
			buildPhases = (
				FC5CCC8DA298B44D706E8B77 /* [CP] Check Pods Manifest.lock */,
				F94E66D821A3B8A500CA850A /* Sources */,
				F94E66D921A3B8A500CA850A /* Frameworks */,
				F94E66DA21A3B8A500CA850A /* Resources */,
				95C75720753D929C3F81F1D8 /* [CP] Embed Pods Frameworks */,
				0C09C6B521AA16B7009572C8 /* ShellScript */,
			);
			buildRules = (
				0C09C6B421AA1698009572C8 /* PBXBuildRule */,
			);
			dependencies = (
			);
			name = CS635Assignment4;
			productName = CS635Assignment4;
			productReference = F94E66DC21A3B8A500CA850A /* CS635Assignment4.app */;
			productType = "com.apple.product-type.application";
		};
		F94E66EF21A3B8A600CA850A /* CS635Assignment4Tests */ = {
			isa = PBXNativeTarget;
			buildConfigurationList = F94E66FC21A3B8A600CA850A /* Build configuration list for PBXNativeTarget "CS635Assignment4Tests" */;
			buildPhases = (
				14454CD6CD671A263AA8ECBD /* [CP] Check Pods Manifest.lock */,
				F94E66EC21A3B8A600CA850A /* Sources */,
				F94E66ED21A3B8A600CA850A /* Frameworks */,
				F94E66EE21A3B8A600CA850A /* Resources */,
				DAA73809B739A660E5E9D92B /* [CP] Embed Pods Frameworks */,
			);
			buildRules = (
			);
			dependencies = (
				F94E66F221A3B8A600CA850A /* PBXTargetDependency */,
			);
			name = CS635Assignment4Tests;
			productName = CS635Assignment4Tests;
			productReference = F94E66F021A3B8A600CA850A /* CS635Assignment4Tests.xctest */;
			productType = "com.apple.product-type.bundle.unit-test";
		};
/* End PBXNativeTarget section */

/* Begin PBXProject section */
		F94E66D421A3B8A500CA850A /* Project object */ = {
			isa = PBXProject;
			attributes = {
				LastSwiftUpdateCheck = 1010;
				LastUpgradeCheck = 1010;
				ORGANIZATIONNAME = "Mark Rassamni";
				TargetAttributes = {
					F94E66DB21A3B8A500CA850A = {
						CreatedOnToolsVersion = 10.1;
					};
					F94E66EF21A3B8A600CA850A = {
						CreatedOnToolsVersion = 10.1;
						TestTargetID = F94E66DB21A3B8A500CA850A;
					};
				};
			};
			buildConfigurationList = F94E66D721A3B8A500CA850A /* Build configuration list for PBXProject "CS635Assignment4" */;
			compatibilityVersion = "Xcode 9.3";
			developmentRegion = en;
			hasScannedForEncodings = 0;
			knownRegions = (
				en,
				Base,
			);
			mainGroup = F94E66D321A3B8A500CA850A;
			productRefGroup = F94E66DD21A3B8A500CA850A /* Products */;
			projectDirPath = "";
			projectRoot = "";
			targets = (
				F94E66DB21A3B8A500CA850A /* CS635Assignment4 */,
				F94E66EF21A3B8A600CA850A /* CS635Assignment4Tests */,
			);
		};
/* End PBXProject section */

/* Begin PBXResourcesBuildPhase section */
		F94E66DA21A3B8A500CA850A /* Resources */ = {
			isa = PBXResourcesBuildPhase;
			buildActionMask = 2147483647;
			files = (
				F94E66EA21A3B8A600CA850A /* LaunchScreen.storyboard in Resources */,
				F94E66E721A3B8A600CA850A /* Assets.xcassets in Resources */,
				F94E66E521A3B8A500CA850A /* Main.storyboard in Resources */,
			);
			runOnlyForDeploymentPostprocessing = 0;
		};
		F94E66EE21A3B8A600CA850A /* Resources */ = {
			isa = PBXResourcesBuildPhase;
			buildActionMask = 2147483647;
			files = (
			);
			runOnlyForDeploymentPostprocessing = 0;
		};
/* End PBXResourcesBuildPhase section */

/* Begin PBXShellScriptBuildPhase section */
		0C09C6B521AA16B7009572C8 /* ShellScript */ = {
			isa = PBXShellScriptBuildPhase;
			buildActionMask = 2147483647;
			files = (
			);
			inputFileListPaths = (
			);
			inputPaths = (
			);
			outputFileListPaths = (
			);
			outputPaths = (
			);
			runOnlyForDeploymentPostprocessing = 0;
			shellPath = /bin/sh;
			shellScript = "TAGS=\"TODO:|FIXME:|WARNING:\"\nERRORTAG=\"ERROR:\"\nfind \"${SRCROOT}\" \\( -name \"*.h\" -or -name \"*.m\" -or -name \"*.swift\" \\) -print0 | xargs -0 egrep --with-filename --line-number --only-matching \"($TAGS).*\\$|($ERRORTAG).*\\$\" | perl -p -e \"s/($TAGS)/ warning: \\$1/\"| perl -p -e \"s/($ERRORTAG)/ error: \\$1/\"\n";
		};
		14454CD6CD671A263AA8ECBD /* [CP] Check Pods Manifest.lock */ = {
			isa = PBXShellScriptBuildPhase;
			buildActionMask = 2147483647;
			files = (
			);
			inputFileListPaths = (
			);
			inputPaths = (
				"${PODS_PODFILE_DIR_PATH}/Podfile.lock",
				"${PODS_ROOT}/Manifest.lock",
			);
			name = "[CP] Check Pods Manifest.lock";
			outputFileListPaths = (
			);
			outputPaths = (
				"$(DERIVED_FILE_DIR)/Pods-CS635Assignment4Tests-checkManifestLockResult.txt",
			);
			runOnlyForDeploymentPostprocessing = 0;
			shellPath = /bin/sh;
			shellScript = "diff \"${PODS_PODFILE_DIR_PATH}/Podfile.lock\" \"${PODS_ROOT}/Manifest.lock\" > /dev/null\nif [ $? != 0 ] ; then\n    # print error to STDERR\n    echo \"error: The sandbox is not in sync with the Podfile.lock. Run 'pod install' or update your CocoaPods installation.\" >&2\n    exit 1\nfi\n# This output is used by Xcode 'outputs' to avoid re-running this script phase.\necho \"SUCCESS\" > \"${SCRIPT_OUTPUT_FILE_0}\"\n";
			showEnvVarsInLog = 0;
		};
		95C75720753D929C3F81F1D8 /* [CP] Embed Pods Frameworks */ = {
			isa = PBXShellScriptBuildPhase;
			buildActionMask = 2147483647;
			files = (
			);
			inputFileListPaths = (
			);
			inputPaths = (
				"${SRCROOT}/Pods/Target Support Files/Pods-CS635Assignment4/Pods-CS635Assignment4-frameworks.sh",
				"${BUILT_PRODUCTS_DIR}/Alamofire/Alamofire.framework",
				"${BUILT_PRODUCTS_DIR}/RxAlamofire/RxAlamofire.framework",
				"${BUILT_PRODUCTS_DIR}/RxAtomic/RxAtomic.framework",
				"${BUILT_PRODUCTS_DIR}/RxCocoa/RxCocoa.framework",
				"${BUILT_PRODUCTS_DIR}/RxSwift/RxSwift.framework",
				"${BUILT_PRODUCTS_DIR}/SwiftyJSON/SwiftyJSON.framework",
			);
			name = "[CP] Embed Pods Frameworks";
			outputFileListPaths = (
			);
			outputPaths = (
				"${TARGET_BUILD_DIR}/${FRAMEWORKS_FOLDER_PATH}/Alamofire.framework",
				"${TARGET_BUILD_DIR}/${FRAMEWORKS_FOLDER_PATH}/RxAlamofire.framework",
				"${TARGET_BUILD_DIR}/${FRAMEWORKS_FOLDER_PATH}/RxAtomic.framework",
				"${TARGET_BUILD_DIR}/${FRAMEWORKS_FOLDER_PATH}/RxCocoa.framework",
				"${TARGET_BUILD_DIR}/${FRAMEWORKS_FOLDER_PATH}/RxSwift.framework",
				"${TARGET_BUILD_DIR}/${FRAMEWORKS_FOLDER_PATH}/SwiftyJSON.framework",
			);
			runOnlyForDeploymentPostprocessing = 0;
			shellPath = /bin/sh;
			shellScript = "\"${SRCROOT}/Pods/Target Support Files/Pods-CS635Assignment4/Pods-CS635Assignment4-frameworks.sh\"\n";
			showEnvVarsInLog = 0;
		};
		DAA73809B739A660E5E9D92B /* [CP] Embed Pods Frameworks */ = {
			isa = PBXShellScriptBuildPhase;
			buildActionMask = 2147483647;
			files = (
			);
			inputFileListPaths = (
			);
			inputPaths = (
				"${SRCROOT}/Pods/Target Support Files/Pods-CS635Assignment4Tests/Pods-CS635Assignment4Tests-frameworks.sh",
				"${BUILT_PRODUCTS_DIR}/RxAtomic/RxAtomic.framework",
				"${BUILT_PRODUCTS_DIR}/RxSwift/RxSwift.framework",
				"${BUILT_PRODUCTS_DIR}/RxBlocking/RxBlocking.framework",
				"${BUILT_PRODUCTS_DIR}/RxTest/RxTest.framework",
			);
			name = "[CP] Embed Pods Frameworks";
			outputFileListPaths = (
			);
			outputPaths = (
				"${TARGET_BUILD_DIR}/${FRAMEWORKS_FOLDER_PATH}/RxAtomic.framework",
				"${TARGET_BUILD_DIR}/${FRAMEWORKS_FOLDER_PATH}/RxSwift.framework",
				"${TARGET_BUILD_DIR}/${FRAMEWORKS_FOLDER_PATH}/RxBlocking.framework",
				"${TARGET_BUILD_DIR}/${FRAMEWORKS_FOLDER_PATH}/RxTest.framework",
			);
			runOnlyForDeploymentPostprocessing = 0;
			shellPath = /bin/sh;
			shellScript = "\"${SRCROOT}/Pods/Target Support Files/Pods-CS635Assignment4Tests/Pods-CS635Assignment4Tests-frameworks.sh\"\n";
			showEnvVarsInLog = 0;
		};
		FC5CCC8DA298B44D706E8B77 /* [CP] Check Pods Manifest.lock */ = {
			isa = PBXShellScriptBuildPhase;
			buildActionMask = 2147483647;
			files = (
			);
			inputFileListPaths = (
			);
			inputPaths = (
				"${PODS_PODFILE_DIR_PATH}/Podfile.lock",
				"${PODS_ROOT}/Manifest.lock",
			);
			name = "[CP] Check Pods Manifest.lock";
			outputFileListPaths = (
			);
			outputPaths = (
				"$(DERIVED_FILE_DIR)/Pods-CS635Assignment4-checkManifestLockResult.txt",
			);
			runOnlyForDeploymentPostprocessing = 0;
			shellPath = /bin/sh;
			shellScript = "diff \"${PODS_PODFILE_DIR_PATH}/Podfile.lock\" \"${PODS_ROOT}/Manifest.lock\" > /dev/null\nif [ $? != 0 ] ; then\n    # print error to STDERR\n    echo \"error: The sandbox is not in sync with the Podfile.lock. Run 'pod install' or update your CocoaPods installation.\" >&2\n    exit 1\nfi\n# This output is used by Xcode 'outputs' to avoid re-running this script phase.\necho \"SUCCESS\" > \"${SCRIPT_OUTPUT_FILE_0}\"\n";
			showEnvVarsInLog = 0;
		};
/* End PBXShellScriptBuildPhase section */

/* Begin PBXSourcesBuildPhase section */
		F94E66D821A3B8A500CA850A /* Sources */ = {
			isa = PBXSourcesBuildPhase;
			buildActionMask = 2147483647;
			files = (
				F99511F721AB648E00B00E52 /* WebPageSubject.swift in Sources */,
				0CA6F83F21A873A600FC50B8 /* Factory.swift in Sources */,
				0CA6F83D21A7CD9200FC50B8 /* Carrier.swift in Sources */,
				F94E66E221A3B8A500CA850A /* ViewController.swift in Sources */,
				0C8AAD5D21A7451A00401DAB /* FileParser.swift in Sources */,
				F94E66E021A3B8A500CA850A /* AppDelegate.swift in Sources */,
				F995120321AC6FA200B00E52 /* MockConnectionHandler.swift in Sources */,
				0C09C6B121A9F197009572C8 /* Reactive.swift in Sources */,
				F995120121AB966800B00E52 /* ConnectionHandler.swift in Sources */,
				F99511FB21AB798200B00E52 /* Context.swift in Sources */,
				0C5FFE6121A7B69800C87F0A /* Output.swift in Sources */,
				F995120721AC776A00B00E52 /* ConnectionProtocol.swift in Sources */,
				F995120921AC7D2700B00E52 /* DateError.swift in Sources */,
				0C8AAD5F21A74D7600401DAB /* OutputType.swift in Sources */,
			);
			runOnlyForDeploymentPostprocessing = 0;
		};
		F94E66EC21A3B8A600CA850A /* Sources */ = {
			isa = PBXSourcesBuildPhase;
			buildActionMask = 2147483647;
			files = (
				F94E66F521A3B8A600CA850A /* CS635Assignment4Tests.swift in Sources */,
			);
			runOnlyForDeploymentPostprocessing = 0;
		};
/* End PBXSourcesBuildPhase section */

/* Begin PBXTargetDependency section */
		F94E66F221A3B8A600CA850A /* PBXTargetDependency */ = {
			isa = PBXTargetDependency;
			target = F94E66DB21A3B8A500CA850A /* CS635Assignment4 */;
			targetProxy = F94E66F121A3B8A600CA850A /* PBXContainerItemProxy */;
		};
/* End PBXTargetDependency section */

/* Begin PBXVariantGroup section */
		F94E66E321A3B8A500CA850A /* Main.storyboard */ = {
			isa = PBXVariantGroup;
			children = (
				F94E66E421A3B8A500CA850A /* Base */,
			);
			name = Main.storyboard;
			sourceTree = "<group>";
		};
		F94E66E821A3B8A600CA850A /* LaunchScreen.storyboard */ = {
			isa = PBXVariantGroup;
			children = (
				F94E66E921A3B8A600CA850A /* Base */,
			);
			name = LaunchScreen.storyboard;
			sourceTree = "<group>";
		};
/* End PBXVariantGroup section */

/* Begin XCBuildConfiguration section */
		F94E66F721A3B8A600CA850A /* Debug */ = {
			isa = XCBuildConfiguration;
			buildSettings = {
				ALWAYS_SEARCH_USER_PATHS = NO;
				CLANG_ANALYZER_NONNULL = YES;
				CLANG_ANALYZER_NUMBER_OBJECT_CONVERSION = YES_AGGRESSIVE;
				CLANG_CXX_LANGUAGE_STANDARD = "gnu++14";
				CLANG_CXX_LIBRARY = "libc++";
				CLANG_ENABLE_MODULES = YES;
				CLANG_ENABLE_OBJC_ARC = YES;
				CLANG_ENABLE_OBJC_WEAK = YES;
				CLANG_WARN_BLOCK_CAPTURE_AUTORELEASING = YES;
				CLANG_WARN_BOOL_CONVERSION = YES;
				CLANG_WARN_COMMA = YES;
				CLANG_WARN_CONSTANT_CONVERSION = YES;
				CLANG_WARN_DEPRECATED_OBJC_IMPLEMENTATIONS = YES;
				CLANG_WARN_DIRECT_OBJC_ISA_USAGE = YES_ERROR;
				CLANG_WARN_DOCUMENTATION_COMMENTS = YES;
				CLANG_WARN_EMPTY_BODY = YES;
				CLANG_WARN_ENUM_CONVERSION = YES;
				CLANG_WARN_INFINITE_RECURSION = YES;
				CLANG_WARN_INT_CONVERSION = YES;
				CLANG_WARN_NON_LITERAL_NULL_CONVERSION = YES;
				CLANG_WARN_OBJC_IMPLICIT_RETAIN_SELF = YES;
				CLANG_WARN_OBJC_LITERAL_CONVERSION = YES;
				CLANG_WARN_OBJC_ROOT_CLASS = YES_ERROR;
				CLANG_WARN_RANGE_LOOP_ANALYSIS = YES;
				CLANG_WARN_STRICT_PROTOTYPES = YES;
				CLANG_WARN_SUSPICIOUS_MOVE = YES;
				CLANG_WARN_UNGUARDED_AVAILABILITY = YES_AGGRESSIVE;
				CLANG_WARN_UNREACHABLE_CODE = YES;
				CLANG_WARN__DUPLICATE_METHOD_MATCH = YES;
				CODE_SIGN_IDENTITY = "iPhone Developer";
				COPY_PHASE_STRIP = NO;
				DEBUG_INFORMATION_FORMAT = dwarf;
				ENABLE_STRICT_OBJC_MSGSEND = YES;
				ENABLE_TESTABILITY = YES;
				GCC_C_LANGUAGE_STANDARD = gnu11;
				GCC_DYNAMIC_NO_PIC = NO;
				GCC_NO_COMMON_BLOCKS = YES;
				GCC_OPTIMIZATION_LEVEL = 0;
				GCC_PREPROCESSOR_DEFINITIONS = (
					"DEBUG=1",
					"$(inherited)",
				);
				GCC_WARN_64_TO_32_BIT_CONVERSION = YES;
				GCC_WARN_ABOUT_RETURN_TYPE = YES_ERROR;
				GCC_WARN_UNDECLARED_SELECTOR = YES;
				GCC_WARN_UNINITIALIZED_AUTOS = YES_AGGRESSIVE;
				GCC_WARN_UNUSED_FUNCTION = YES;
				GCC_WARN_UNUSED_VARIABLE = YES;
				IPHONEOS_DEPLOYMENT_TARGET = 12.1;
				MTL_ENABLE_DEBUG_INFO = INCLUDE_SOURCE;
				MTL_FAST_MATH = YES;
				ONLY_ACTIVE_ARCH = YES;
				SDKROOT = iphoneos;
				SWIFT_ACTIVE_COMPILATION_CONDITIONS = DEBUG;
				SWIFT_OPTIMIZATION_LEVEL = "-Onone";
			};
			name = Debug;
		};
		F94E66F821A3B8A600CA850A /* Release */ = {
			isa = XCBuildConfiguration;
			buildSettings = {
				ALWAYS_SEARCH_USER_PATHS = NO;
				CLANG_ANALYZER_NONNULL = YES;
				CLANG_ANALYZER_NUMBER_OBJECT_CONVERSION = YES_AGGRESSIVE;
				CLANG_CXX_LANGUAGE_STANDARD = "gnu++14";
				CLANG_CXX_LIBRARY = "libc++";
				CLANG_ENABLE_MODULES = YES;
				CLANG_ENABLE_OBJC_ARC = YES;
				CLANG_ENABLE_OBJC_WEAK = YES;
				CLANG_WARN_BLOCK_CAPTURE_AUTORELEASING = YES;
				CLANG_WARN_BOOL_CONVERSION = YES;
				CLANG_WARN_COMMA = YES;
				CLANG_WARN_CONSTANT_CONVERSION = YES;
				CLANG_WARN_DEPRECATED_OBJC_IMPLEMENTATIONS = YES;
				CLANG_WARN_DIRECT_OBJC_ISA_USAGE = YES_ERROR;
				CLANG_WARN_DOCUMENTATION_COMMENTS = YES;
				CLANG_WARN_EMPTY_BODY = YES;
				CLANG_WARN_ENUM_CONVERSION = YES;
				CLANG_WARN_INFINITE_RECURSION = YES;
				CLANG_WARN_INT_CONVERSION = YES;
				CLANG_WARN_NON_LITERAL_NULL_CONVERSION = YES;
				CLANG_WARN_OBJC_IMPLICIT_RETAIN_SELF = YES;
				CLANG_WARN_OBJC_LITERAL_CONVERSION = YES;
				CLANG_WARN_OBJC_ROOT_CLASS = YES_ERROR;
				CLANG_WARN_RANGE_LOOP_ANALYSIS = YES;
				CLANG_WARN_STRICT_PROTOTYPES = YES;
				CLANG_WARN_SUSPICIOUS_MOVE = YES;
				CLANG_WARN_UNGUARDED_AVAILABILITY = YES_AGGRESSIVE;
				CLANG_WARN_UNREACHABLE_CODE = YES;
				CLANG_WARN__DUPLICATE_METHOD_MATCH = YES;
				CODE_SIGN_IDENTITY = "iPhone Developer";
				COPY_PHASE_STRIP = NO;
				DEBUG_INFORMATION_FORMAT = "dwarf-with-dsym";
				ENABLE_NS_ASSERTIONS = NO;
				ENABLE_STRICT_OBJC_MSGSEND = YES;
				GCC_C_LANGUAGE_STANDARD = gnu11;
				GCC_NO_COMMON_BLOCKS = YES;
				GCC_WARN_64_TO_32_BIT_CONVERSION = YES;
				GCC_WARN_ABOUT_RETURN_TYPE = YES_ERROR;
				GCC_WARN_UNDECLARED_SELECTOR = YES;
				GCC_WARN_UNINITIALIZED_AUTOS = YES_AGGRESSIVE;
				GCC_WARN_UNUSED_FUNCTION = YES;
				GCC_WARN_UNUSED_VARIABLE = YES;
				IPHONEOS_DEPLOYMENT_TARGET = 12.1;
				MTL_ENABLE_DEBUG_INFO = NO;
				MTL_FAST_MATH = YES;
				SDKROOT = iphoneos;
				SWIFT_COMPILATION_MODE = wholemodule;
				SWIFT_OPTIMIZATION_LEVEL = "-O";
				VALIDATE_PRODUCT = YES;
			};
			name = Release;
		};
		F94E66FA21A3B8A600CA850A /* Debug */ = {
			isa = XCBuildConfiguration;
			baseConfigurationReference = 54C9A07C2DDE0649B52D1530 /* Pods-CS635Assignment4.debug.xcconfig */;
			buildSettings = {
				ASSETCATALOG_COMPILER_APPICON_NAME = AppIcon;
				CODE_SIGN_STYLE = Automatic;
				DEVELOPMENT_TEAM = VBN5K8MF76;
				INFOPLIST_FILE = CS635Assignment4/Info.plist;
				IPHONEOS_DEPLOYMENT_TARGET = 11.0;
				LD_RUNPATH_SEARCH_PATHS = (
					"$(inherited)",
					"@executable_path/Frameworks",
				);
				PRODUCT_BUNDLE_IDENTIFIER = com.markrassamni.CS635Assignment4;
				PRODUCT_NAME = "$(TARGET_NAME)";
				SWIFT_VERSION = 4.2;
				TARGETED_DEVICE_FAMILY = "1,2";
			};
			name = Debug;
		};
		F94E66FB21A3B8A600CA850A /* Release */ = {
			isa = XCBuildConfiguration;
			baseConfigurationReference = A59569127D42992235733723 /* Pods-CS635Assignment4.release.xcconfig */;
			buildSettings = {
				ASSETCATALOG_COMPILER_APPICON_NAME = AppIcon;
				CODE_SIGN_STYLE = Automatic;
				DEVELOPMENT_TEAM = VBN5K8MF76;
				INFOPLIST_FILE = CS635Assignment4/Info.plist;
				IPHONEOS_DEPLOYMENT_TARGET = 11.0;
				LD_RUNPATH_SEARCH_PATHS = (
					"$(inherited)",
					"@executable_path/Frameworks",
				);
				PRODUCT_BUNDLE_IDENTIFIER = com.markrassamni.CS635Assignment4;
				PRODUCT_NAME = "$(TARGET_NAME)";
				SWIFT_VERSION = 4.2;
				TARGETED_DEVICE_FAMILY = "1,2";
			};
			name = Release;
		};
		F94E66FD21A3B8A600CA850A /* Debug */ = {
			isa = XCBuildConfiguration;
			baseConfigurationReference = A1B0169650C8A0FED4E717CC /* Pods-CS635Assignment4Tests.debug.xcconfig */;
			buildSettings = {
				ALWAYS_EMBED_SWIFT_STANDARD_LIBRARIES = YES;
				BUNDLE_LOADER = "$(TEST_HOST)";
				CODE_SIGN_STYLE = Automatic;
				DEVELOPMENT_TEAM = VBN5K8MF76;
				INFOPLIST_FILE = CS635Assignment4Tests/Info.plist;
				LD_RUNPATH_SEARCH_PATHS = (
					"$(inherited)",
					"@executable_path/Frameworks",
					"@loader_path/Frameworks",
				);
				PRODUCT_BUNDLE_IDENTIFIER = com.markrassamni.CS635Assignment4Tests;
				PRODUCT_NAME = "$(TARGET_NAME)";
				SWIFT_VERSION = 4.2;
				TARGETED_DEVICE_FAMILY = "1,2";
				TEST_HOST = "$(BUILT_PRODUCTS_DIR)/CS635Assignment4.app/CS635Assignment4";
			};
			name = Debug;
		};
		F94E66FE21A3B8A600CA850A /* Release */ = {
			isa = XCBuildConfiguration;
			baseConfigurationReference = C7E0EEFD280D4196C3017ED2 /* Pods-CS635Assignment4Tests.release.xcconfig */;
			buildSettings = {
				ALWAYS_EMBED_SWIFT_STANDARD_LIBRARIES = YES;
				BUNDLE_LOADER = "$(TEST_HOST)";
				CODE_SIGN_STYLE = Automatic;
				DEVELOPMENT_TEAM = VBN5K8MF76;
				INFOPLIST_FILE = CS635Assignment4Tests/Info.plist;
				LD_RUNPATH_SEARCH_PATHS = (
					"$(inherited)",
					"@executable_path/Frameworks",
					"@loader_path/Frameworks",
				);
				PRODUCT_BUNDLE_IDENTIFIER = com.markrassamni.CS635Assignment4Tests;
				PRODUCT_NAME = "$(TARGET_NAME)";
				SWIFT_VERSION = 4.2;
				TARGETED_DEVICE_FAMILY = "1,2";
				TEST_HOST = "$(BUILT_PRODUCTS_DIR)/CS635Assignment4.app/CS635Assignment4";
			};
			name = Release;
		};
/* End XCBuildConfiguration section */

/* Begin XCConfigurationList section */
		F94E66D721A3B8A500CA850A /* Build configuration list for PBXProject "CS635Assignment4" */ = {
			isa = XCConfigurationList;
			buildConfigurations = (
				F94E66F721A3B8A600CA850A /* Debug */,
				F94E66F821A3B8A600CA850A /* Release */,
			);
			defaultConfigurationIsVisible = 0;
			defaultConfigurationName = Release;
		};
		F94E66F921A3B8A600CA850A /* Build configuration list for PBXNativeTarget "CS635Assignment4" */ = {
			isa = XCConfigurationList;
			buildConfigurations = (
				F94E66FA21A3B8A600CA850A /* Debug */,
				F94E66FB21A3B8A600CA850A /* Release */,
			);
			defaultConfigurationIsVisible = 0;
			defaultConfigurationName = Release;
		};
		F94E66FC21A3B8A600CA850A /* Build configuration list for PBXNativeTarget "CS635Assignment4Tests" */ = {
			isa = XCConfigurationList;
			buildConfigurations = (
				F94E66FD21A3B8A600CA850A /* Debug */,
				F94E66FE21A3B8A600CA850A /* Release */,
			);
			defaultConfigurationIsVisible = 0;
			defaultConfigurationName = Release;
		};
/* End XCConfigurationList section */
	};
	rootObject = F94E66D421A3B8A500CA850A /* Project object */;
}
